
Microsoft Visual Studio Solution File, Format Version 12.00
# Visual Studio 15
VisualStudioVersion = 15.0.27130.2036
MinimumVisualStudioVersion = 10.0.40219.1
Project("{FAE04EC0-301F-11D3-BF4B-00C04F79EFBC}") = "Signal-graph-report", "Signal-graph-report.csproj", "{92599C56-DEBC-4684-8826-34D92767DDCC}"
EndProject
Global
	GlobalSection(SolutionConfigurationPlatforms) = preSolution
		Debug|Any CPU = Debug|Any CPU
		Release|Any CPU = Release|Any CPU
	EndGlobalSection
	GlobalSection(ProjectConfigurationPlatforms) = postSolution
		{92599C56-DEBC-4684-8826-34D92767DDCC}.Debug|Any CPU.ActiveCfg = Debug|Any CPU
		{92599C56-DEBC-4684-8826-34D92767DDCC}.Debug|Any CPU.Build.0 = Debug|Any CPU
		{92599C56-DEBC-4684-8826-34D92767DDCC}.Release|Any CPU.ActiveCfg = Release|Any CPU
		{92599C56-DEBC-4684-8826-34D92767DDCC}.Release|Any CPU.Build.0 = Release|Any CPU
	EndGlobalSection
	GlobalSection(SolutionProperties) = preSolution
		HideSolutionNode = FALSE
	EndGlobalSection
	GlobalSection(ExtensibilityGlobals) = postSolution
		SolutionGuid = {E3FB5C90-D828-49C2-832F-475C42E899E6}
	EndGlobalSection
EndGlobal
